// !$*UTF8*$!
{
	archiveVersion = 1;
	classes = {
	};
	objectVersion = 48;
	objects = {

/* Begin PBXBuildFile section */
		8445A6232204199A00B3D3A5 /* MovieCell.swift in Sources */ = {isa = PBXBuildFile; fileRef = 8445A6222204199A00B3D3A5 /* MovieCell.swift */; };
		85FE531421FFB7D0003E91AD /* AppDelegate.swift in Sources */ = {isa = PBXBuildFile; fileRef = 85FE531321FFB7D0003E91AD /* AppDelegate.swift */; };
		85FE531921FFB7D0003E91AD /* Main.storyboard in Resources */ = {isa = PBXBuildFile; fileRef = 85FE531721FFB7D0003E91AD /* Main.storyboard */; };
		85FE531B21FFB7D0003E91AD /* Assets.xcassets in Resources */ = {isa = PBXBuildFile; fileRef = 85FE531A21FFB7D0003E91AD /* Assets.xcassets */; };
		85FE531E21FFB7D0003E91AD /* LaunchScreen.storyboard in Resources */ = {isa = PBXBuildFile; fileRef = 85FE531C21FFB7D0003E91AD /* LaunchScreen.storyboard */; };
		85FE532921FFB7D0003E91AD /* FlixTests.swift in Sources */ = {isa = PBXBuildFile; fileRef = 85FE532821FFB7D0003E91AD /* FlixTests.swift */; };
		85FE533421FFB7D0003E91AD /* FlixUITests.swift in Sources */ = {isa = PBXBuildFile; fileRef = 85FE533321FFB7D0003E91AD /* FlixUITests.swift */; };
		85FE534221FFC6E1003E91AD /* MoviesViewController.swift in Sources */ = {isa = PBXBuildFile; fileRef = 85FE534121FFC6E1003E91AD /* MoviesViewController.swift */; };
/* End PBXBuildFile section */

/* Begin PBXContainerItemProxy section */
		85FE532521FFB7D0003E91AD /* PBXContainerItemProxy */ = {
			isa = PBXContainerItemProxy;
			containerPortal = 85FE530821FFB7D0003E91AD /* Project object */;
			proxyType = 1;
			remoteGlobalIDString = 85FE530F21FFB7D0003E91AD;
			remoteInfo = Flix;
		};
		85FE533021FFB7D0003E91AD /* PBXContainerItemProxy */ = {
			isa = PBXContainerItemProxy;
			containerPortal = 85FE530821FFB7D0003E91AD /* Project object */;
			proxyType = 1;
			remoteGlobalIDString = 85FE530F21FFB7D0003E91AD;
			remoteInfo = Flix;
		};
/* End PBXContainerItemProxy section */

/* Begin PBXFileReference section */
		8445A6222204199A00B3D3A5 /* MovieCell.swift */ = {isa = PBXFileReference; lastKnownFileType = sourcecode.swift; path = MovieCell.swift; sourceTree = "<group>"; };
		85FE531021FFB7D0003E91AD /* Flix.app */ = {isa = PBXFileReference; explicitFileType = wrapper.application; includeInIndex = 0; path = Flix.app; sourceTree = BUILT_PRODUCTS_DIR; };
		85FE531321FFB7D0003E91AD /* AppDelegate.swift */ = {isa = PBXFileReference; lastKnownFileType = sourcecode.swift; path = AppDelegate.swift; sourceTree = "<group>"; };
		85FE531821FFB7D0003E91AD /* Base */ = {isa = PBXFileReference; lastKnownFileType = file.storyboard; name = Base; path = Base.lproj/Main.storyboard; sourceTree = "<group>"; };
		85FE531A21FFB7D0003E91AD /* Assets.xcassets */ = {isa = PBXFileReference; lastKnownFileType = folder.assetcatalog; path = Assets.xcassets; sourceTree = "<group>"; };
		85FE531D21FFB7D0003E91AD /* Base */ = {isa = PBXFileReference; lastKnownFileType = file.storyboard; name = Base; path = Base.lproj/LaunchScreen.storyboard; sourceTree = "<group>"; };
		85FE531F21FFB7D0003E91AD /* Info.plist */ = {isa = PBXFileReference; lastKnownFileType = text.plist.xml; path = Info.plist; sourceTree = "<group>"; };
		85FE532421FFB7D0003E91AD /* FlixTests.xctest */ = {isa = PBXFileReference; explicitFileType = wrapper.cfbundle; includeInIndex = 0; path = FlixTests.xctest; sourceTree = BUILT_PRODUCTS_DIR; };
		85FE532821FFB7D0003E91AD /* FlixTests.swift */ = {isa = PBXFileReference; lastKnownFileType = sourcecode.swift; path = FlixTests.swift; sourceTree = "<group>"; };
		85FE532A21FFB7D0003E91AD /* Info.plist */ = {isa = PBXFileReference; lastKnownFileType = text.plist.xml; path = Info.plist; sourceTree = "<group>"; };
		85FE532F21FFB7D0003E91AD /* FlixUITests.xctest */ = {isa = PBXFileReference; explicitFileType = wrapper.cfbundle; includeInIndex = 0; path = FlixUITests.xctest; sourceTree = BUILT_PRODUCTS_DIR; };
		85FE533321FFB7D0003E91AD /* FlixUITests.swift */ = {isa = PBXFileReference; lastKnownFileType = sourcecode.swift; path = FlixUITests.swift; sourceTree = "<group>"; };
		85FE533521FFB7D0003E91AD /* Info.plist */ = {isa = PBXFileReference; lastKnownFileType = text.plist.xml; path = Info.plist; sourceTree = "<group>"; };
		85FE534121FFC6E1003E91AD /* MoviesViewController.swift */ = {isa = PBXFileReference; lastKnownFileType = sourcecode.swift; path = MoviesViewController.swift; sourceTree = "<group>"; };
/* End PBXFileReference section */

/* Begin PBXFrameworksBuildPhase section */
		85FE530D21FFB7D0003E91AD /* Frameworks */ = {
			isa = PBXFrameworksBuildPhase;
			buildActionMask = 2147483647;
			files = (
			);
			runOnlyForDeploymentPostprocessing = 0;
		};
		85FE532121FFB7D0003E91AD /* Frameworks */ = {
			isa = PBXFrameworksBuildPhase;
			buildActionMask = 2147483647;
			files = (
			);
			runOnlyForDeploymentPostprocessing = 0;
		};
		85FE532C21FFB7D0003E91AD /* Frameworks */ = {
			isa = PBXFrameworksBuildPhase;
			buildActionMask = 2147483647;
			files = (
			);
			runOnlyForDeploymentPostprocessing = 0;
		};
/* End PBXFrameworksBuildPhase section */

/* Begin PBXGroup section */
		85FE530721FFB7D0003E91AD = {
			isa = PBXGroup;
			children = (
				85FE531221FFB7D0003E91AD /* Flix */,
				85FE532721FFB7D0003E91AD /* FlixTests */,
				85FE533221FFB7D0003E91AD /* FlixUITests */,
				85FE531121FFB7D0003E91AD /* Products */,
			);
			sourceTree = "<group>";
		};
		85FE531121FFB7D0003E91AD /* Products */ = {
			isa = PBXGroup;
			children = (
				85FE531021FFB7D0003E91AD /* Flix.app */,
				85FE532421FFB7D0003E91AD /* FlixTests.xctest */,
				85FE532F21FFB7D0003E91AD /* FlixUITests.xctest */,
			);
			name = Products;
			sourceTree = "<group>";
		};
		85FE531221FFB7D0003E91AD /* Flix */ = {
			isa = PBXGroup;
			children = (
				85FE531321FFB7D0003E91AD /* AppDelegate.swift */,
				85FE531721FFB7D0003E91AD /* Main.storyboard */,
				85FE531A21FFB7D0003E91AD /* Assets.xcassets */,
				85FE531C21FFB7D0003E91AD /* LaunchScreen.storyboard */,
				85FE531F21FFB7D0003E91AD /* Info.plist */,
				85FE534121FFC6E1003E91AD /* MoviesViewController.swift */,
				8445A6222204199A00B3D3A5 /* MovieCell.swift */,
			);
			path = Flix;
			sourceTree = "<group>";
		};
		85FE532721FFB7D0003E91AD /* FlixTests */ = {
			isa = PBXGroup;
			children = (
				85FE532821FFB7D0003E91AD /* FlixTests.swift */,
				85FE532A21FFB7D0003E91AD /* Info.plist */,
			);
			path = FlixTests;
			sourceTree = "<group>";
		};
		85FE533221FFB7D0003E91AD /* FlixUITests */ = {
			isa = PBXGroup;
			children = (
				85FE533321FFB7D0003E91AD /* FlixUITests.swift */,
				85FE533521FFB7D0003E91AD /* Info.plist */,
			);
			path = FlixUITests;
			sourceTree = "<group>";
		};
/* End PBXGroup section */

/* Begin PBXNativeTarget section */
		85FE530F21FFB7D0003E91AD /* Flix */ = {
			isa = PBXNativeTarget;
			buildConfigurationList = 85FE533821FFB7D0003E91AD /* Build configuration list for PBXNativeTarget "Flix" */;
			buildPhases = (
				85FE530C21FFB7D0003E91AD /* Sources */,
				85FE530D21FFB7D0003E91AD /* Frameworks */,
				85FE530E21FFB7D0003E91AD /* Resources */,
			);
			buildRules = (
			);
			dependencies = (
			);
			name = Flix;
			productName = Flix;
			productReference = 85FE531021FFB7D0003E91AD /* Flix.app */;
			productType = "com.apple.product-type.application";
		};
		85FE532321FFB7D0003E91AD /* FlixTests */ = {
			isa = PBXNativeTarget;
			buildConfigurationList = 85FE533B21FFB7D0003E91AD /* Build configuration list for PBXNativeTarget "FlixTests" */;
			buildPhases = (
				85FE532021FFB7D0003E91AD /* Sources */,
				85FE532121FFB7D0003E91AD /* Frameworks */,
				85FE532221FFB7D0003E91AD /* Resources */,
			);
			buildRules = (
			);
			dependencies = (
				85FE532621FFB7D0003E91AD /* PBXTargetDependency */,
			);
			name = FlixTests;
			productName = FlixTests;
			productReference = 85FE532421FFB7D0003E91AD /* FlixTests.xctest */;
			productType = "com.apple.product-type.bundle.unit-test";
		};
		85FE532E21FFB7D0003E91AD /* FlixUITests */ = {
			isa = PBXNativeTarget;
			buildConfigurationList = 85FE533E21FFB7D0003E91AD /* Build configuration list for PBXNativeTarget "FlixUITests" */;
			buildPhases = (
				85FE532B21FFB7D0003E91AD /* Sources */,
				85FE532C21FFB7D0003E91AD /* Frameworks */,
				85FE532D21FFB7D0003E91AD /* Resources */,
			);
			buildRules = (
			);
			dependencies = (
				85FE533121FFB7D0003E91AD /* PBXTargetDependency */,
			);
			name = FlixUITests;
			productName = FlixUITests;
			productReference = 85FE532F21FFB7D0003E91AD /* FlixUITests.xctest */;
			productType = "com.apple.product-type.bundle.ui-testing";
		};
/* End PBXNativeTarget section */

/* Begin PBXProject section */
		85FE530821FFB7D0003E91AD /* Project object */ = {
			isa = PBXProject;
			attributes = {
				LastSwiftUpdateCheck = 0920;
				LastUpgradeCheck = 0920;
				ORGANIZATIONNAME = "Jared Long";
				TargetAttributes = {
					85FE530F21FFB7D0003E91AD = {
						CreatedOnToolsVersion = 9.2;
						ProvisioningStyle = Automatic;
					};
					85FE532321FFB7D0003E91AD = {
						CreatedOnToolsVersion = 9.2;
						ProvisioningStyle = Automatic;
						TestTargetID = 85FE530F21FFB7D0003E91AD;
					};
					85FE532E21FFB7D0003E91AD = {
						CreatedOnToolsVersion = 9.2;
						ProvisioningStyle = Automatic;
						TestTargetID = 85FE530F21FFB7D0003E91AD;
					};
				};
			};
			buildConfigurationList = 85FE530B21FFB7D0003E91AD /* Build configuration list for PBXProject "Flix" */;
			compatibilityVersion = "Xcode 8.0";
			developmentRegion = en;
			hasScannedForEncodings = 0;
			knownRegions = (
				en,
				Base,
			);
			mainGroup = 85FE530721FFB7D0003E91AD;
			productRefGroup = 85FE531121FFB7D0003E91AD /* Products */;
			projectDirPath = "";
			projectRoot = "";
			targets = (
				85FE530F21FFB7D0003E91AD /* Flix */,
				85FE532321FFB7D0003E91AD /* FlixTests */,
				85FE532E21FFB7D0003E91AD /* FlixUITests */,
			);
		};
/* End PBXProject section */

/* Begin PBXResourcesBuildPhase section */
		85FE530E21FFB7D0003E91AD /* Resources */ = {
			isa = PBXResourcesBuildPhase;
			buildActionMask = 2147483647;
			files = (
				85FE531E21FFB7D0003E91AD /* LaunchScreen.storyboard in Resources */,
				85FE531B21FFB7D0003E91AD /* Assets.xcassets in Resources */,
				85FE531921FFB7D0003E91AD /* Main.storyboard in Resources */,
			);
			runOnlyForDeploymentPostprocessing = 0;
		};
		85FE532221FFB7D0003E91AD /* Resources */ = {
			isa = PBXResourcesBuildPhase;
			buildActionMask = 2147483647;
			files = (
			);
			runOnlyForDeploymentPostprocessing = 0;
		};
		85FE532D21FFB7D0003E91AD /* Resources */ = {
			isa = PBXResourcesBuildPhase;
			buildActionMask = 2147483647;
			files = (
			);
			runOnlyForDeploymentPostprocessing = 0;
		};
/* End PBXResourcesBuildPhase section */

/* Begin PBXSourcesBuildPhase section */
		85FE530C21FFB7D0003E91AD /* Sources */ = {
			isa = PBXSourcesBuildPhase;
			buildActionMask = 2147483647;
			files = (
				85FE531421FFB7D0003E91AD /* AppDelegate.swift in Sources */,
				85FE534221FFC6E1003E91AD /* MoviesViewController.swift in Sources */,
				8445A6232204199A00B3D3A5 /* MovieCell.swift in Sources */,
			);
			runOnlyForDeploymentPostprocessing = 0;
		};
		85FE532021FFB7D0003E91AD /* Sources */ = {
			isa = PBXSourcesBuildPhase;
			buildActionMask = 2147483647;
			files = (
				85FE532921FFB7D0003E91AD /* FlixTests.swift in Sources */,
			);
			runOnlyForDeploymentPostprocessing = 0;
		};
		85FE532B21FFB7D0003E91AD /* Sources */ = {
			isa = PBXSourcesBuildPhase;
			buildActionMask = 2147483647;
			files = (
				85FE533421FFB7D0003E91AD /* FlixUITests.swift in Sources */,
			);
			runOnlyForDeploymentPostprocessing = 0;
		};
/* End PBXSourcesBuildPhase section */

/* Begin PBXTargetDependency section */
		85FE532621FFB7D0003E91AD /* PBXTargetDependency */ = {
			isa = PBXTargetDependency;
			target = 85FE530F21FFB7D0003E91AD /* Flix */;
			targetProxy = 85FE532521FFB7D0003E91AD /* PBXContainerItemProxy */;
		};
		85FE533121FFB7D0003E91AD /* PBXTargetDependency */ = {
			isa = PBXTargetDependency;
			target = 85FE530F21FFB7D0003E91AD /* Flix */;
			targetProxy = 85FE533021FFB7D0003E91AD /* PBXContainerItemProxy */;
		};
/* End PBXTargetDependency section */

/* Begin PBXVariantGroup section */
		85FE531721FFB7D0003E91AD /* Main.storyboard */ = {
			isa = PBXVariantGroup;
			children = (
				85FE531821FFB7D0003E91AD /* Base */,
			);
			name = Main.storyboard;
			sourceTree = "<group>";
		};
		85FE531C21FFB7D0003E91AD /* LaunchScreen.storyboard */ = {
			isa = PBXVariantGroup;
			children = (
				85FE531D21FFB7D0003E91AD /* Base */,
			);
			name = LaunchScreen.storyboard;
			sourceTree = "<group>";
		};
/* End PBXVariantGroup section */

/* Begin XCBuildConfiguration section */
		85FE533621FFB7D0003E91AD /* Debug */ = {
			isa = XCBuildConfiguration;
			buildSettings = {
				ALWAYS_SEARCH_USER_PATHS = NO;
				CLANG_ANALYZER_NONNULL = YES;
				CLANG_ANALYZER_NUMBER_OBJECT_CONVERSION = YES_AGGRESSIVE;
				CLANG_CXX_LANGUAGE_STANDARD = "gnu++14";
				CLANG_CXX_LIBRARY = "libc++";
				CLANG_ENABLE_MODULES = YES;
				CLANG_ENABLE_OBJC_ARC = YES;
				CLANG_WARN_BLOCK_CAPTURE_AUTORELEASING = YES;
				CLANG_WARN_BOOL_CONVERSION = YES;
				CLANG_WARN_COMMA = YES;
				CLANG_WARN_CONSTANT_CONVERSION = YES;
				CLANG_WARN_DIRECT_OBJC_ISA_USAGE = YES_ERROR;
				CLANG_WARN_DOCUMENTATION_COMMENTS = YES;
				CLANG_WARN_EMPTY_BODY = YES;
				CLANG_WARN_ENUM_CONVERSION = YES;
				CLANG_WARN_INFINITE_RECURSION = YES;
				CLANG_WARN_INT_CONVERSION = YES;
				CLANG_WARN_NON_LITERAL_NULL_CONVERSION = YES;
				CLANG_WARN_OBJC_LITERAL_CONVERSION = YES;
				CLANG_WARN_OBJC_ROOT_CLASS = YES_ERROR;
				CLANG_WARN_RANGE_LOOP_ANALYSIS = YES;
				CLANG_WARN_STRICT_PROTOTYPES = YES;
				CLANG_WARN_SUSPICIOUS_MOVE = YES;
				CLANG_WARN_UNGUARDED_AVAILABILITY = YES_AGGRESSIVE;
				CLANG_WARN_UNREACHABLE_CODE = YES;
				CLANG_WARN__DUPLICATE_METHOD_MATCH = YES;
				CODE_SIGN_IDENTITY = "iPhone Developer";
				COPY_PHASE_STRIP = NO;
				DEBUG_INFORMATION_FORMAT = dwarf;
				ENABLE_STRICT_OBJC_MSGSEND = YES;
				ENABLE_TESTABILITY = YES;
				GCC_C_LANGUAGE_STANDARD = gnu11;
				GCC_DYNAMIC_NO_PIC = NO;
				GCC_NO_COMMON_BLOCKS = YES;
				GCC_OPTIMIZATION_LEVEL = 0;
				GCC_PREPROCESSOR_DEFINITIONS = (
					"DEBUG=1",
					"$(inherited)",
				);
				GCC_WARN_64_TO_32_BIT_CONVERSION = YES;
				GCC_WARN_ABOUT_RETURN_TYPE = YES_ERROR;
				GCC_WARN_UNDECLARED_SELECTOR = YES;
				GCC_WARN_UNINITIALIZED_AUTOS = YES_AGGRESSIVE;
				GCC_WARN_UNUSED_FUNCTION = YES;
				GCC_WARN_UNUSED_VARIABLE = YES;
				IPHONEOS_DEPLOYMENT_TARGET = 11.2;
				MTL_ENABLE_DEBUG_INFO = YES;
				ONLY_ACTIVE_ARCH = YES;
				SDKROOT = iphoneos;
				SWIFT_ACTIVE_COMPILATION_CONDITIONS = DEBUG;
				SWIFT_OPTIMIZATION_LEVEL = "-Onone";
			};
			name = Debug;
		};
		85FE533721FFB7D0003E91AD /* Release */ = {
			isa = XCBuildConfiguration;
			buildSettings = {
				ALWAYS_SEARCH_USER_PATHS = NO;
				CLANG_ANALYZER_NONNULL = YES;
				CLANG_ANALYZER_NUMBER_OBJECT_CONVERSION = YES_AGGRESSIVE;
				CLANG_CXX_LANGUAGE_STANDARD = "gnu++14";
				CLANG_CXX_LIBRARY = "libc++";
				CLANG_ENABLE_MODULES = YES;
				CLANG_ENABLE_OBJC_ARC = YES;
				CLANG_WARN_BLOCK_CAPTURE_AUTORELEASING = YES;
				CLANG_WARN_BOOL_CONVERSION = YES;
				CLANG_WARN_COMMA = YES;
				CLANG_WARN_CONSTANT_CONVERSION = YES;
				CLANG_WARN_DIRECT_OBJC_ISA_USAGE = YES_ERROR;
				CLANG_WARN_DOCUMENTATION_COMMENTS = YES;
				CLANG_WARN_EMPTY_BODY = YES;
				CLANG_WARN_ENUM_CONVERSION = YES;
				CLANG_WARN_INFINITE_RECURSION = YES;
				CLANG_WARN_INT_CONVERSION = YES;
				CLANG_WARN_NON_LITERAL_NULL_CONVERSION = YES;
				CLANG_WARN_OBJC_LITERAL_CONVERSION = YES;
				CLANG_WARN_OBJC_ROOT_CLASS = YES_ERROR;
				CLANG_WARN_RANGE_LOOP_ANALYSIS = YES;
				CLANG_WARN_STRICT_PROTOTYPES = YES;
				CLANG_WARN_SUSPICIOUS_MOVE = YES;
				CLANG_WARN_UNGUARDED_AVAILABILITY = YES_AGGRESSIVE;
				CLANG_WARN_UNREACHABLE_CODE = YES;
				CLANG_WARN__DUPLICATE_METHOD_MATCH = YES;
				CODE_SIGN_IDENTITY = "iPhone Developer";
				COPY_PHASE_STRIP = NO;
				DEBUG_INFORMATION_FORMAT = "dwarf-with-dsym";
				ENABLE_NS_ASSERTIONS = NO;
				ENABLE_STRICT_OBJC_MSGSEND = YES;
				GCC_C_LANGUAGE_STANDARD = gnu11;
				GCC_NO_COMMON_BLOCKS = YES;
				GCC_WARN_64_TO_32_BIT_CONVERSION = YES;
				GCC_WARN_ABOUT_RETURN_TYPE = YES_ERROR;
				GCC_WARN_UNDECLARED_SELECTOR = YES;
				GCC_WARN_UNINITIALIZED_AUTOS = YES_AGGRESSIVE;
				GCC_WARN_UNUSED_FUNCTION = YES;
				GCC_WARN_UNUSED_VARIABLE = YES;
				IPHONEOS_DEPLOYMENT_TARGET = 11.2;
				MTL_ENABLE_DEBUG_INFO = NO;
				SDKROOT = iphoneos;
				SWIFT_OPTIMIZATION_LEVEL = "-Owholemodule";
				VALIDATE_PRODUCT = YES;
			};
			name = Release;
		};
		85FE533921FFB7D0003E91AD /* Debug */ = {
			isa = XCBuildConfiguration;
			buildSettings = {
				ASSETCATALOG_COMPILER_APPICON_NAME = AppIcon;
				CODE_SIGN_STYLE = Automatic;
				INFOPLIST_FILE = Flix/Info.plist;
				LD_RUNPATH_SEARCH_PATHS = "$(inherited) @executable_path/Frameworks";
				PRODUCT_BUNDLE_IDENTIFIER = JaredLong.Flix;
				PRODUCT_NAME = "$(TARGET_NAME)";
				SWIFT_VERSION = 4.0;
				TARGETED_DEVICE_FAMILY = "1,2";
			};
			name = Debug;
		};
		85FE533A21FFB7D0003E91AD /* Release */ = {
			isa = XCBuildConfiguration;
			buildSettings = {
				ASSETCATALOG_COMPILER_APPICON_NAME = AppIcon;
				CODE_SIGN_STYLE = Automatic;
				INFOPLIST_FILE = Flix/Info.plist;
				LD_RUNPATH_SEARCH_PATHS = "$(inherited) @executable_path/Frameworks";
				PRODUCT_BUNDLE_IDENTIFIER = JaredLong.Flix;
				PRODUCT_NAME = "$(TARGET_NAME)";
				SWIFT_VERSION = 4.0;
				TARGETED_DEVICE_FAMILY = "1,2";
			};
			name = Release;
		};
		85FE533C21FFB7D0003E91AD /* Debug */ = {
			isa = XCBuildConfiguration;
			buildSettings = {
				ALWAYS_EMBED_SWIFT_STANDARD_LIBRARIES = YES;
				BUNDLE_LOADER = "$(TEST_HOST)";
				CODE_SIGN_STYLE = Automatic;
				INFOPLIST_FILE = FlixTests/Info.plist;
				LD_RUNPATH_SEARCH_PATHS = "$(inherited) @executable_path/Frameworks @loader_path/Frameworks";
				PRODUCT_BUNDLE_IDENTIFIER = JaredLong.FlixTests;
				PRODUCT_NAME = "$(TARGET_NAME)";
				SWIFT_VERSION = 4.0;
				TARGETED_DEVICE_FAMILY = "1,2";
				TEST_HOST = "$(BUILT_PRODUCTS_DIR)/Flix.app/Flix";
			};
			name = Debug;
		};
		85FE533D21FFB7D0003E91AD /* Release */ = {
			isa = XCBuildConfiguration;
			buildSettings = {
				ALWAYS_EMBED_SWIFT_STANDARD_LIBRARIES = YES;
				BUNDLE_LOADER = "$(TEST_HOST)";
				CODE_SIGN_STYLE = Automatic;
				INFOPLIST_FILE = FlixTests/Info.plist;
				LD_RUNPATH_SEARCH_PATHS = "$(inherited) @executable_path/Frameworks @loader_path/Frameworks";
				PRODUCT_BUNDLE_IDENTIFIER = JaredLong.FlixTests;
				PRODUCT_NAME = "$(TARGET_NAME)";
				SWIFT_VERSION = 4.0;
				TARGETED_DEVICE_FAMILY = "1,2";
				TEST_HOST = "$(BUILT_PRODUCTS_DIR)/Flix.app/Flix";
			};
			name = Release;
		};
		85FE533F21FFB7D0003E91AD /* Debug */ = {
			isa = XCBuildConfiguration;
			buildSettings = {
				ALWAYS_EMBED_SWIFT_STANDARD_LIBRARIES = YES;
				CODE_SIGN_STYLE = Automatic;
				INFOPLIST_FILE = FlixUITests/Info.plist;
				LD_RUNPATH_SEARCH_PATHS = "$(inherited) @executable_path/Frameworks @loader_path/Frameworks";
				PRODUCT_BUNDLE_IDENTIFIER = JaredLong.FlixUITests;
				PRODUCT_NAME = "$(TARGET_NAME)";
				SWIFT_VERSION = 4.0;
				TARGETED_DEVICE_FAMILY = "1,2";
				TEST_TARGET_NAME = Flix;
			};
			name = Debug;
		};
		85FE534021FFB7D0003E91AD /* Release */ = {
			isa = XCBuildConfiguration;
			buildSettings = {
				ALWAYS_EMBED_SWIFT_STANDARD_LIBRARIES = YES;
				CODE_SIGN_STYLE = Automatic;
				INFOPLIST_FILE = FlixUITests/Info.plist;
				LD_RUNPATH_SEARCH_PATHS = "$(inherited) @executable_path/Frameworks @loader_path/Frameworks";
				PRODUCT_BUNDLE_IDENTIFIER = JaredLong.FlixUITests;
				PRODUCT_NAME = "$(TARGET_NAME)";
				SWIFT_VERSION = 4.0;
				TARGETED_DEVICE_FAMILY = "1,2";
				TEST_TARGET_NAME = Flix;
			};
			name = Release;
		};
/* End XCBuildConfiguration section */

/* Begin XCConfigurationList section */
		85FE530B21FFB7D0003E91AD /* Build configuration list for PBXProject "Flix" */ = {
			isa = XCConfigurationList;
			buildConfigurations = (
				85FE533621FFB7D0003E91AD /* Debug */,
				85FE533721FFB7D0003E91AD /* Release */,
			);
			defaultConfigurationIsVisible = 0;
			defaultConfigurationName = Release;
		};
		85FE533821FFB7D0003E91AD /* Build configuration list for PBXNativeTarget "Flix" */ = {
			isa = XCConfigurationList;
			buildConfigurations = (
				85FE533921FFB7D0003E91AD /* Debug */,
				85FE533A21FFB7D0003E91AD /* Release */,
			);
			defaultConfigurationIsVisible = 0;
			defaultConfigurationName = Release;
		};
		85FE533B21FFB7D0003E91AD /* Build configuration list for PBXNativeTarget "FlixTests" */ = {
			isa = XCConfigurationList;
			buildConfigurations = (
				85FE533C21FFB7D0003E91AD /* Debug */,
				85FE533D21FFB7D0003E91AD /* Release */,
			);
			defaultConfigurationIsVisible = 0;
			defaultConfigurationName = Release;
		};
		85FE533E21FFB7D0003E91AD /* Build configuration list for PBXNativeTarget "FlixUITests" */ = {
			isa = XCConfigurationList;
			buildConfigurations = (
				85FE533F21FFB7D0003E91AD /* Debug */,
				85FE534021FFB7D0003E91AD /* Release */,
			);
			defaultConfigurationIsVisible = 0;
			defaultConfigurationName = Release;
		};
/* End XCConfigurationList section */
	};
	rootObject = 85FE530821FFB7D0003E91AD /* Project object */;
}
